Microsoft Visual Studio Solution File, Format Version 11.00
# Visual Studio 2008

Project("{4E54B7A5-32BA-988D-6C3A-2DB64A5BE05B}") = "Examples - Copy", "Assembly-CSharp.csproj", "{6CF00643-AA5D-3E4F-9C18-7635662E9B2E}"
EndProject
Project("{4E54B7A5-32BA-988D-6C3A-2DB64A5BE05B}") = "Examples - Copy", "Assembly-CSharp-Editor.csproj", "{69C5F2C5-CC69-4774-A504-043FED73CBCD}"
EndProject
Global
	GlobalSection(SolutionConfigurationPlatforms) = preSolution
		Debug|Any CPU = Debug|Any CPU
		Release|Any CPU = Release|Any CPU
	EndGlobalSection
	GlobalSection(ProjectConfigurationPlatforms) = postSolution
		{6CF00643-AA5D-3E4F-9C18-7635662E9B2E}.Debug|Any CPU.ActiveCfg = Debug|Any CPU
		{6CF00643-AA5D-3E4F-9C18-7635662E9B2E}.Debug|Any CPU.Build.0 = Debug|Any CPU
		{6CF00643-AA5D-3E4F-9C18-7635662E9B2E}.Release|Any CPU.ActiveCfg = Release|Any CPU
		{6CF00643-AA5D-3E4F-9C18-7635662E9B2E}.Release|Any CPU.Build.0 = Release|Any CPU
		{69C5F2C5-CC69-4774-A504-043FED73CBCD}.Debug|Any CPU.ActiveCfg = Debug|Any CPU
		{69C5F2C5-CC69-4774-A504-043FED73CBCD}.Debug|Any CPU.Build.0 = Debug|Any CPU
		{69C5F2C5-CC69-4774-A504-043FED73CBCD}.Release|Any CPU.ActiveCfg = Release|Any CPU
		{69C5F2C5-CC69-4774-A504-043FED73CBCD}.Release|Any CPU.Build.0 = Release|Any CPU
	EndGlobalSection
	GlobalSection(SolutionProperties) = preSolution
		HideSolutionNode = FALSE
	EndGlobalSection
	GlobalSection(MonoDevelopProperties) = preSolution
		StartupItem = Assembly-CSharp.csproj
		Policies = $0
		$0.TextStylePolicy = $1
		$1.inheritsSet = null
		$1.scope = text/x-csharp
		$0.CSharpFormattingPolicy = $2
		$2.inheritsSet = Mono
		$2.inheritsScope = text/x-csharp
		$2.scope = text/x-csharp
		$0.TextStylePolicy = $3
		$3.FileWidth = 120
		$3.TabWidth = 4
		$3.EolMarker = Unix
		$3.inheritsSet = Mono
		$3.inheritsScope = text/plain
		$3.scope = text/plain
	EndGlobalSection
EndGlobal
